// !$*UTF8*$!
{
	archiveVersion = 1;
	classes = {
	};
	objectVersion = 50;
	objects = {

/* Begin PBXBuildFile section */
		1BE905493C6474D767185438 /* libPods-Thunder.a in Frameworks */ = {isa = PBXBuildFile; fileRef = CE3661EBA430217CA67E5FBE /* libPods-Thunder.a */; };
		4918E38C249BC5A30081DF7C /* UIViewExtension.swift in Sources */ = {isa = PBXBuildFile; fileRef = 4918E38B249BC5A30081DF7C /* UIViewExtension.swift */; };
		491FB2B424B1337B00F2C1FF /* PostTableViewCell.swift in Sources */ = {isa = PBXBuildFile; fileRef = 491FB2B324B1337B00F2C1FF /* PostTableViewCell.swift */; };
		49210FEC2479D2650020ECBC /* BoardsListTableViewCell.swift in Sources */ = {isa = PBXBuildFile; fileRef = 49210FEB2479D2640020ECBC /* BoardsListTableViewCell.swift */; };
		49233F9925A8E28F0036E169 /* Colors.swift in Sources */ = {isa = PBXBuildFile; fileRef = 49233F9825A8E28F0036E169 /* Colors.swift */; };
		492758292480848600A60E51 /* BoardsModel.swift in Sources */ = {isa = PBXBuildFile; fileRef = 492758282480848600A60E51 /* BoardsModel.swift */; };
		494711E7249F9D810028F57D /* NetworkRequests.swift in Sources */ = {isa = PBXBuildFile; fileRef = 494711E6249F9D810028F57D /* NetworkRequests.swift */; };
		494711E9249FB2480028F57D /* BoardsTableViewController.swift in Sources */ = {isa = PBXBuildFile; fileRef = 494711E8249FB2480028F57D /* BoardsTableViewController.swift */; };
		494711EB249FEB660028F57D /* ThreadsTableViewController.swift in Sources */ = {isa = PBXBuildFile; fileRef = 494711EA249FEB660028F57D /* ThreadsTableViewController.swift */; };
		4949BB5324908922005AA6FE /* ActionSheetButton.swift in Sources */ = {isa = PBXBuildFile; fileRef = 4949BB5224908922005AA6FE /* ActionSheetButton.swift */; };
		494F6E5F248B32BE00D878A0 /* Constants.swift in Sources */ = {isa = PBXBuildFile; fileRef = 494F6E5E248B32BE00D878A0 /* Constants.swift */; };
		495164B724AA21AB0023AF79 /* ThreadsService.swift in Sources */ = {isa = PBXBuildFile; fileRef = 495164B624AA21AB0023AF79 /* ThreadsService.swift */; };
		4952E90C24A3871A00B42E35 /* ThreadCell.swift in Sources */ = {isa = PBXBuildFile; fileRef = 4952E90B24A3871A00B42E35 /* ThreadCell.swift */; };
		49550DF224BCA0C2003CFC3B /* StringExtension.swift in Sources */ = {isa = PBXBuildFile; fileRef = 49550DF124BCA0C2003CFC3B /* StringExtension.swift */; };
		49550DF424BCA588003CFC3B /* PostWithIntId.swift in Sources */ = {isa = PBXBuildFile; fileRef = 49550DF324BCA588003CFC3B /* PostWithIntId.swift */; };
		495ABBB224832A6700233583 /* NetworkService.swift in Sources */ = {isa = PBXBuildFile; fileRef = 495ABBB124832A6700233583 /* NetworkService.swift */; };
		495ABBB424832ACA00233583 /* BoardsService.swift in Sources */ = {isa = PBXBuildFile; fileRef = 495ABBB324832ACA00233583 /* BoardsService.swift */; };
		49703FF924B4A2730099B6DA /* CreatePostModalViewController.swift in Sources */ = {isa = PBXBuildFile; fileRef = 49703FF824B4A2730099B6DA /* CreatePostModalViewController.swift */; };
		49703FFB24B4C4750099B6DA /* Recaptcha.swift in Sources */ = {isa = PBXBuildFile; fileRef = 49703FFA24B4C4750099B6DA /* Recaptcha.swift */; };
		49867EEE25B707D10015D56C /* ThunderTests.swift in Sources */ = {isa = PBXBuildFile; fileRef = 49867EED25B707D10015D56C /* ThunderTests.swift */; };
		49867F0525B708050015D56C /* ThunderUITests.swift in Sources */ = {isa = PBXBuildFile; fileRef = 49867F0425B708050015D56C /* ThunderUITests.swift */; };
		499C14B624AD3F7200CAAE26 /* ThreadTableViewController.swift in Sources */ = {isa = PBXBuildFile; fileRef = 499C14B524AD3F7200CAAE26 /* ThreadTableViewController.swift */; };
		499F7C3B248C5A9F0010B97A /* ThreadsModel.swift in Sources */ = {isa = PBXBuildFile; fileRef = 499F7C3A248C5A9F0010B97A /* ThreadsModel.swift */; };
		499FAEAE24979358001B4A1C /* Thunder.xcdatamodeld in Sources */ = {isa = PBXBuildFile; fileRef = 499FAEAC24979358001B4A1C /* Thunder.xcdatamodeld */; };
		499FC06A2498D1C400EBE0FB /* FavoriteBoard.swift in Sources */ = {isa = PBXBuildFile; fileRef = 499FC0682498D1C400EBE0FB /* FavoriteBoard.swift */; };
		49A8EC0A2599C114007621C4 /* HistoryViewController.swift in Sources */ = {isa = PBXBuildFile; fileRef = 49A8EC092599C114007621C4 /* HistoryViewController.swift */; };
		49AB299A2478460B00084A6C /* SettingsViewController.swift in Sources */ = {isa = PBXBuildFile; fileRef = 49AB29992478460B00084A6C /* SettingsViewController.swift */; };
		49BEC03224BE616B008D9836 /* PostRepliesViewController.swift in Sources */ = {isa = PBXBuildFile; fileRef = 49BEC03124BE616B008D9836 /* PostRepliesViewController.swift */; };
		49EA7BE12476DC8500BFEC13 /* AppDelegate.swift in Sources */ = {isa = PBXBuildFile; fileRef = 49EA7BE02476DC8500BFEC13 /* AppDelegate.swift */; };
		49EA7BE32476DC8500BFEC13 /* SceneDelegate.swift in Sources */ = {isa = PBXBuildFile; fileRef = 49EA7BE22476DC8500BFEC13 /* SceneDelegate.swift */; };
		49EA7BE52476DC8500BFEC13 /* ViewController.swift in Sources */ = {isa = PBXBuildFile; fileRef = 49EA7BE42476DC8500BFEC13 /* ViewController.swift */; };
		49EA7BED2476DC8A00BFEC13 /* Assets.xcassets in Resources */ = {isa = PBXBuildFile; fileRef = 49EA7BEC2476DC8A00BFEC13 /* Assets.xcassets */; };
		49EA7BF02476DC8A00BFEC13 /* LaunchScreen.storyboard in Resources */ = {isa = PBXBuildFile; fileRef = 49EA7BEE2476DC8A00BFEC13 /* LaunchScreen.storyboard */; };
		49EBD101247819450051A348 /* FavoritesViewController.swift in Sources */ = {isa = PBXBuildFile; fileRef = 49EBD100247819450051A348 /* FavoritesViewController.swift */; };
/* End PBXBuildFile section */

/* Begin PBXContainerItemProxy section */
		49867EF025B707D10015D56C /* PBXContainerItemProxy */ = {
			isa = PBXContainerItemProxy;
			containerPortal = 49EA7BD52476DC8500BFEC13 /* Project object */;
			proxyType = 1;
			remoteGlobalIDString = 49EA7BDC2476DC8500BFEC13;
			remoteInfo = Thunder;
		};
		49867F0725B708050015D56C /* PBXContainerItemProxy */ = {
			isa = PBXContainerItemProxy;
			containerPortal = 49EA7BD52476DC8500BFEC13 /* Project object */;
			proxyType = 1;
			remoteGlobalIDString = 49EA7BDC2476DC8500BFEC13;
			remoteInfo = Thunder;
		};
/* End PBXContainerItemProxy section */

/* Begin PBXFileReference section */
		0717E33AF93DFE08D8EEA8D2 /* Pods-Thunder.debug.xcconfig */ = {isa = PBXFileReference; includeInIndex = 1; lastKnownFileType = text.xcconfig; name = "Pods-Thunder.debug.xcconfig"; path = "Target Support Files/Pods-Thunder/Pods-Thunder.debug.xcconfig"; sourceTree = "<group>"; };
		4918E38B249BC5A30081DF7C /* UIViewExtension.swift */ = {isa = PBXFileReference; lastKnownFileType = sourcecode.swift; path = UIViewExtension.swift; sourceTree = "<group>"; };
		491FB2B324B1337B00F2C1FF /* PostTableViewCell.swift */ = {isa = PBXFileReference; lastKnownFileType = sourcecode.swift; path = PostTableViewCell.swift; sourceTree = "<group>"; };
		49210FEB2479D2640020ECBC /* BoardsListTableViewCell.swift */ = {isa = PBXFileReference; lastKnownFileType = sourcecode.swift; path = BoardsListTableViewCell.swift; sourceTree = "<group>"; };
		49233F9825A8E28F0036E169 /* Colors.swift */ = {isa = PBXFileReference; lastKnownFileType = sourcecode.swift; path = Colors.swift; sourceTree = "<group>"; };
		492758282480848600A60E51 /* BoardsModel.swift */ = {isa = PBXFileReference; lastKnownFileType = sourcecode.swift; path = BoardsModel.swift; sourceTree = "<group>"; };
		494711E6249F9D810028F57D /* NetworkRequests.swift */ = {isa = PBXFileReference; lastKnownFileType = sourcecode.swift; path = NetworkRequests.swift; sourceTree = "<group>"; };
		494711E8249FB2480028F57D /* BoardsTableViewController.swift */ = {isa = PBXFileReference; fileEncoding = 4; lastKnownFileType = sourcecode.swift; path = BoardsTableViewController.swift; sourceTree = "<group>"; };
		494711EA249FEB660028F57D /* ThreadsTableViewController.swift */ = {isa = PBXFileReference; lastKnownFileType = sourcecode.swift; path = ThreadsTableViewController.swift; sourceTree = "<group>"; };
		4949BB5224908922005AA6FE /* ActionSheetButton.swift */ = {isa = PBXFileReference; lastKnownFileType = sourcecode.swift; path = ActionSheetButton.swift; sourceTree = "<group>"; };
		494F6E5E248B32BE00D878A0 /* Constants.swift */ = {isa = PBXFileReference; lastKnownFileType = sourcecode.swift; path = Constants.swift; sourceTree = "<group>"; };
		495164B624AA21AB0023AF79 /* ThreadsService.swift */ = {isa = PBXFileReference; lastKnownFileType = sourcecode.swift; path = ThreadsService.swift; sourceTree = "<group>"; };
		4952E90B24A3871A00B42E35 /* ThreadCell.swift */ = {isa = PBXFileReference; lastKnownFileType = sourcecode.swift; path = ThreadCell.swift; sourceTree = "<group>"; };
		49550DF124BCA0C2003CFC3B /* StringExtension.swift */ = {isa = PBXFileReference; lastKnownFileType = sourcecode.swift; path = StringExtension.swift; sourceTree = "<group>"; };
		49550DF324BCA588003CFC3B /* PostWithIntId.swift */ = {isa = PBXFileReference; lastKnownFileType = sourcecode.swift; path = PostWithIntId.swift; sourceTree = "<group>"; };
		495ABBB124832A6700233583 /* NetworkService.swift */ = {isa = PBXFileReference; lastKnownFileType = sourcecode.swift; path = NetworkService.swift; sourceTree = "<group>"; };
		495ABBB324832ACA00233583 /* BoardsService.swift */ = {isa = PBXFileReference; lastKnownFileType = sourcecode.swift; path = BoardsService.swift; sourceTree = "<group>"; };
		49703FF824B4A2730099B6DA /* CreatePostModalViewController.swift */ = {isa = PBXFileReference; lastKnownFileType = sourcecode.swift; path = CreatePostModalViewController.swift; sourceTree = "<group>"; };
		49703FFA24B4C4750099B6DA /* Recaptcha.swift */ = {isa = PBXFileReference; lastKnownFileType = sourcecode.swift; path = Recaptcha.swift; sourceTree = "<group>"; };
		49867EEB25B707D10015D56C /* ThunderTests.xctest */ = {isa = PBXFileReference; explicitFileType = wrapper.cfbundle; includeInIndex = 0; path = ThunderTests.xctest; sourceTree = BUILT_PRODUCTS_DIR; };
		49867EED25B707D10015D56C /* ThunderTests.swift */ = {isa = PBXFileReference; lastKnownFileType = sourcecode.swift; path = ThunderTests.swift; sourceTree = "<group>"; };
		49867EEF25B707D10015D56C /* Info.plist */ = {isa = PBXFileReference; lastKnownFileType = text.plist.xml; path = Info.plist; sourceTree = "<group>"; };
		49867F0225B708050015D56C /* ThunderUITests.xctest */ = {isa = PBXFileReference; explicitFileType = wrapper.cfbundle; includeInIndex = 0; path = ThunderUITests.xctest; sourceTree = BUILT_PRODUCTS_DIR; };
		49867F0425B708050015D56C /* ThunderUITests.swift */ = {isa = PBXFileReference; lastKnownFileType = sourcecode.swift; path = ThunderUITests.swift; sourceTree = "<group>"; };
		49867F0625B708050015D56C /* Info.plist */ = {isa = PBXFileReference; lastKnownFileType = text.plist.xml; path = Info.plist; sourceTree = "<group>"; };
		499C14B524AD3F7200CAAE26 /* ThreadTableViewController.swift */ = {isa = PBXFileReference; lastKnownFileType = sourcecode.swift; path = ThreadTableViewController.swift; sourceTree = "<group>"; };
		499F7C3A248C5A9F0010B97A /* ThreadsModel.swift */ = {isa = PBXFileReference; lastKnownFileType = sourcecode.swift; path = ThreadsModel.swift; sourceTree = "<group>"; };
		499FAEAD24979358001B4A1C /* Thunder.xcdatamodel */ = {isa = PBXFileReference; lastKnownFileType = wrapper.xcdatamodel; path = Thunder.xcdatamodel; sourceTree = "<group>"; };
		499FC0682498D1C400EBE0FB /* FavoriteBoard.swift */ = {isa = PBXFileReference; lastKnownFileType = sourcecode.swift; path = FavoriteBoard.swift; sourceTree = "<group>"; };
		49A8EC092599C114007621C4 /* HistoryViewController.swift */ = {isa = PBXFileReference; lastKnownFileType = sourcecode.swift; path = HistoryViewController.swift; sourceTree = "<group>"; };
		49AB29992478460B00084A6C /* SettingsViewController.swift */ = {isa = PBXFileReference; fileEncoding = 4; lastKnownFileType = sourcecode.swift; path = SettingsViewController.swift; sourceTree = "<group>"; };
		49BEC03124BE616B008D9836 /* PostRepliesViewController.swift */ = {isa = PBXFileReference; lastKnownFileType = sourcecode.swift; path = PostRepliesViewController.swift; sourceTree = "<group>"; };
		49EA7BDD2476DC8500BFEC13 /* Thunder.app */ = {isa = PBXFileReference; explicitFileType = wrapper.application; includeInIndex = 0; path = Thunder.app; sourceTree = BUILT_PRODUCTS_DIR; };
		49EA7BE02476DC8500BFEC13 /* AppDelegate.swift */ = {isa = PBXFileReference; lastKnownFileType = sourcecode.swift; path = AppDelegate.swift; sourceTree = "<group>"; };
		49EA7BE22476DC8500BFEC13 /* SceneDelegate.swift */ = {isa = PBXFileReference; lastKnownFileType = sourcecode.swift; path = SceneDelegate.swift; sourceTree = "<group>"; };
		49EA7BE42476DC8500BFEC13 /* ViewController.swift */ = {isa = PBXFileReference; lastKnownFileType = sourcecode.swift; path = ViewController.swift; sourceTree = "<group>"; };
		49EA7BEC2476DC8A00BFEC13 /* Assets.xcassets */ = {isa = PBXFileReference; lastKnownFileType = folder.assetcatalog; path = Assets.xcassets; sourceTree = "<group>"; };
		49EA7BEF2476DC8A00BFEC13 /* Base */ = {isa = PBXFileReference; lastKnownFileType = file.storyboard; name = Base; path = Base.lproj/LaunchScreen.storyboard; sourceTree = "<group>"; };
		49EA7BF12476DC8A00BFEC13 /* Info.plist */ = {isa = PBXFileReference; lastKnownFileType = text.plist.xml; path = Info.plist; sourceTree = "<group>"; };
		49EA7BFA2476DC8B00BFEC13 /* ThunderTests.swift */ = {isa = PBXFileReference; lastKnownFileType = sourcecode.swift; path = ThunderTests.swift; sourceTree = "<group>"; };
		49EA7BFC2476DC8B00BFEC13 /* Info.plist */ = {isa = PBXFileReference; lastKnownFileType = text.plist.xml; path = Info.plist; sourceTree = "<group>"; };
		49EA7C052476DC8B00BFEC13 /* ThunderUITests.swift */ = {isa = PBXFileReference; lastKnownFileType = sourcecode.swift; path = ThunderUITests.swift; sourceTree = "<group>"; };
		49EA7C072476DC8B00BFEC13 /* Info.plist */ = {isa = PBXFileReference; lastKnownFileType = text.plist.xml; path = Info.plist; sourceTree = "<group>"; };
		49EBD100247819450051A348 /* FavoritesViewController.swift */ = {isa = PBXFileReference; lastKnownFileType = sourcecode.swift; path = FavoritesViewController.swift; sourceTree = "<group>"; };
		CE3661EBA430217CA67E5FBE /* libPods-Thunder.a */ = {isa = PBXFileReference; explicitFileType = archive.ar; includeInIndex = 0; path = "libPods-Thunder.a"; sourceTree = BUILT_PRODUCTS_DIR; };
		E1BACCEE5C3EA22A0BED9097 /* Pods-Thunder.release.xcconfig */ = {isa = PBXFileReference; includeInIndex = 1; lastKnownFileType = text.xcconfig; name = "Pods-Thunder.release.xcconfig"; path = "Target Support Files/Pods-Thunder/Pods-Thunder.release.xcconfig"; sourceTree = "<group>"; };
/* End PBXFileReference section */

/* Begin PBXFrameworksBuildPhase section */
		49867EE825B707D10015D56C /* Frameworks */ = {
			isa = PBXFrameworksBuildPhase;
			buildActionMask = 2147483647;
			files = (
			);
			runOnlyForDeploymentPostprocessing = 0;
		};
		49867EFF25B708050015D56C /* Frameworks */ = {
			isa = PBXFrameworksBuildPhase;
			buildActionMask = 2147483647;
			files = (
			);
			runOnlyForDeploymentPostprocessing = 0;
		};
		49EA7BDA2476DC8500BFEC13 /* Frameworks */ = {
			isa = PBXFrameworksBuildPhase;
			buildActionMask = 2147483647;
			files = (
				1BE905493C6474D767185438 /* libPods-Thunder.a in Frameworks */,
			);
			runOnlyForDeploymentPostprocessing = 0;
		};
/* End PBXFrameworksBuildPhase section */

/* Begin PBXGroup section */
		4918E38A249BC56D0081DF7C /* Extensions */ = {
			isa = PBXGroup;
			children = (
				4918E38B249BC5A30081DF7C /* UIViewExtension.swift */,
				49550DF124BCA0C2003CFC3B /* StringExtension.swift */,
			);
			path = Extensions;
			sourceTree = "<group>";
		};
		49653AB624801B1F00EB889E /* Model */ = {
			isa = PBXGroup;
			children = (
				494F6E5E248B32BE00D878A0 /* Constants.swift */,
				492758282480848600A60E51 /* BoardsModel.swift */,
				499F7C3A248C5A9F0010B97A /* ThreadsModel.swift */,
				49703FFA24B4C4750099B6DA /* Recaptcha.swift */,
				49550DF324BCA588003CFC3B /* PostWithIntId.swift */,
				49233F9825A8E28F0036E169 /* Colors.swift */,
			);
			path = Model;
			sourceTree = "<group>";
		};
		49867EEC25B707D10015D56C /* ThunderTests */ = {
			isa = PBXGroup;
			children = (
				49867EED25B707D10015D56C /* ThunderTests.swift */,
				49867EEF25B707D10015D56C /* Info.plist */,
			);
			path = ThunderTests;
			sourceTree = "<group>";
		};
		49867F0325B708050015D56C /* ThunderUITests */ = {
			isa = PBXGroup;
			children = (
				49867F0425B708050015D56C /* ThunderUITests.swift */,
				49867F0625B708050015D56C /* Info.plist */,
			);
			path = ThunderUITests;
			sourceTree = "<group>";
		};
		499FAEB724982160001B4A1C /* Controllers */ = {
			isa = PBXGroup;
			children = (
				494711E8249FB2480028F57D /* BoardsTableViewController.swift */,
				49AB29992478460B00084A6C /* SettingsViewController.swift */,
				49EA7BE42476DC8500BFEC13 /* ViewController.swift */,
				49EBD100247819450051A348 /* FavoritesViewController.swift */,
				494711EA249FEB660028F57D /* ThreadsTableViewController.swift */,
				499C14B524AD3F7200CAAE26 /* ThreadTableViewController.swift */,
				49703FF824B4A2730099B6DA /* CreatePostModalViewController.swift */,
				49BEC03124BE616B008D9836 /* PostRepliesViewController.swift */,
				49A8EC092599C114007621C4 /* HistoryViewController.swift */,
			);
			path = Controllers;
			sourceTree = "<group>";
		};
		499FAEB824982230001B4A1C /* CoreData */ = {
			isa = PBXGroup;
			children = (
				499FC0682498D1C400EBE0FB /* FavoriteBoard.swift */,
				499FAEAC24979358001B4A1C /* Thunder.xcdatamodeld */,
			);
			path = CoreData;
			sourceTree = "<group>";
		};
		499FAEB92498224B001B4A1C /* Views */ = {
			isa = PBXGroup;
			children = (
				4918E38A249BC56D0081DF7C /* Extensions */,
				499FAEBA24982269001B4A1C /* Cells */,
				4949BB5224908922005AA6FE /* ActionSheetButton.swift */,
			);
			path = Views;
			sourceTree = "<group>";
		};
		499FAEBA24982269001B4A1C /* Cells */ = {
			isa = PBXGroup;
			children = (
				49210FEB2479D2640020ECBC /* BoardsListTableViewCell.swift */,
				4952E90B24A3871A00B42E35 /* ThreadCell.swift */,
				491FB2B324B1337B00F2C1FF /* PostTableViewCell.swift */,
			);
			path = Cells;
			sourceTree = "<group>";
		};
		499FAEBB24982286001B4A1C /* Services */ = {
			isa = PBXGroup;
			children = (
				495ABBB124832A6700233583 /* NetworkService.swift */,
				495ABBB324832ACA00233583 /* BoardsService.swift */,
				494711E6249F9D810028F57D /* NetworkRequests.swift */,
				495164B624AA21AB0023AF79 /* ThreadsService.swift */,
			);
			path = Services;
			sourceTree = "<group>";
		};
		49EA7BD42476DC8500BFEC13 = {
			isa = PBXGroup;
			children = (
				49EA7BDF2476DC8500BFEC13 /* Thunder */,
				49EA7BF92476DC8B00BFEC13 /* ThunderTests */,
				49EA7C042476DC8B00BFEC13 /* ThunderUITests */,
				49867EEC25B707D10015D56C /* ThunderTests */,
				49867F0325B708050015D56C /* ThunderUITests */,
				49EA7BDE2476DC8500BFEC13 /* Products */,
				FACD698E3DC8E60061D9C2F9 /* Pods */,
				4B1A1DBE699BCD80A81E02AE /* Frameworks */,
			);
			sourceTree = "<group>";
		};
		49EA7BDE2476DC8500BFEC13 /* Products */ = {
			isa = PBXGroup;
			children = (
				49EA7BDD2476DC8500BFEC13 /* Thunder.app */,
				49867EEB25B707D10015D56C /* ThunderTests.xctest */,
				49867F0225B708050015D56C /* ThunderUITests.xctest */,
			);
			name = Products;
			sourceTree = "<group>";
		};
		49EA7BDF2476DC8500BFEC13 /* Thunder */ = {
			isa = PBXGroup;
			children = (
				499FAEBB24982286001B4A1C /* Services */,
				499FAEB824982230001B4A1C /* CoreData */,
				499FAEB92498224B001B4A1C /* Views */,
				499FAEB724982160001B4A1C /* Controllers */,
				49653AB624801B1F00EB889E /* Model */,
				49EA7BE02476DC8500BFEC13 /* AppDelegate.swift */,
				49EA7BE22476DC8500BFEC13 /* SceneDelegate.swift */,
				49EA7BEC2476DC8A00BFEC13 /* Assets.xcassets */,
				49EA7BEE2476DC8A00BFEC13 /* LaunchScreen.storyboard */,
				49EA7BF12476DC8A00BFEC13 /* Info.plist */,
			);
			path = Thunder;
			sourceTree = "<group>";
		};
		49EA7BF92476DC8B00BFEC13 /* ThunderTests */ = {
			isa = PBXGroup;
			children = (
				49EA7BFA2476DC8B00BFEC13 /* ThunderTests.swift */,
				49EA7BFC2476DC8B00BFEC13 /* Info.plist */,
			);
			path = ThunderTests;
			sourceTree = "<group>";
		};
		49EA7C042476DC8B00BFEC13 /* ThunderUITests */ = {
			isa = PBXGroup;
			children = (
				49EA7C052476DC8B00BFEC13 /* ThunderUITests.swift */,
				49EA7C072476DC8B00BFEC13 /* Info.plist */,
			);
			path = ThunderUITests;
			sourceTree = "<group>";
		};
		4B1A1DBE699BCD80A81E02AE /* Frameworks */ = {
			isa = PBXGroup;
			children = (
				CE3661EBA430217CA67E5FBE /* libPods-Thunder.a */,
			);
			name = Frameworks;
			sourceTree = "<group>";
		};
		FACD698E3DC8E60061D9C2F9 /* Pods */ = {
			isa = PBXGroup;
			children = (
				0717E33AF93DFE08D8EEA8D2 /* Pods-Thunder.debug.xcconfig */,
				E1BACCEE5C3EA22A0BED9097 /* Pods-Thunder.release.xcconfig */,
			);
			path = Pods;
			sourceTree = "<group>";
		};
/* End PBXGroup section */

/* Begin PBXNativeTarget section */
		49867EEA25B707D10015D56C /* ThunderTests */ = {
			isa = PBXNativeTarget;
			buildConfigurationList = 49867EF225B707D10015D56C /* Build configuration list for PBXNativeTarget "ThunderTests" */;
			buildPhases = (
				49867EE725B707D10015D56C /* Sources */,
				49867EE825B707D10015D56C /* Frameworks */,
				49867EE925B707D10015D56C /* Resources */,
			);
			buildRules = (
			);
			dependencies = (
				49867EF125B707D10015D56C /* PBXTargetDependency */,
			);
			name = ThunderTests;
			productName = ThunderTests;
			productReference = 49867EEB25B707D10015D56C /* ThunderTests.xctest */;
			productType = "com.apple.product-type.bundle.unit-test";
		};
		49867F0125B708050015D56C /* ThunderUITests */ = {
			isa = PBXNativeTarget;
			buildConfigurationList = 49867F0925B708050015D56C /* Build configuration list for PBXNativeTarget "ThunderUITests" */;
			buildPhases = (
				49867EFE25B708050015D56C /* Sources */,
				49867EFF25B708050015D56C /* Frameworks */,
				49867F0025B708050015D56C /* Resources */,
			);
			buildRules = (
			);
			dependencies = (
				49867F0825B708050015D56C /* PBXTargetDependency */,
			);
			name = ThunderUITests;
			productName = ThunderUITests;
			productReference = 49867F0225B708050015D56C /* ThunderUITests.xctest */;
			productType = "com.apple.product-type.bundle.ui-testing";
		};
		49EA7BDC2476DC8500BFEC13 /* Thunder */ = {
			isa = PBXNativeTarget;
			buildConfigurationList = 49EA7C0A2476DC8B00BFEC13 /* Build configuration list for PBXNativeTarget "Thunder" */;
			buildPhases = (
				826DA2FE52305150BA54BA95 /* [CP] Check Pods Manifest.lock */,
				49EA7BD92476DC8500BFEC13 /* Sources */,
				49EA7BDA2476DC8500BFEC13 /* Frameworks */,
				49EA7BDB2476DC8500BFEC13 /* Resources */,
			);
			buildRules = (
			);
			dependencies = (
			);
			name = Thunder;
			productName = Makaba;
			productReference = 49EA7BDD2476DC8500BFEC13 /* Thunder.app */;
			productType = "com.apple.product-type.application";
		};
/* End PBXNativeTarget section */

/* Begin PBXProject section */
		49EA7BD52476DC8500BFEC13 /* Project object */ = {
			isa = PBXProject;
			attributes = {
				LastSwiftUpdateCheck = 1230;
				LastUpgradeCheck = 1150;
				ORGANIZATIONNAME = "Andrii Yehortsev";
				TargetAttributes = {
					49867EEA25B707D10015D56C = {
						CreatedOnToolsVersion = 12.3;
						TestTargetID = 49EA7BDC2476DC8500BFEC13;
					};
					49867F0125B708050015D56C = {
						CreatedOnToolsVersion = 12.3;
						TestTargetID = 49EA7BDC2476DC8500BFEC13;
					};
					49EA7BDC2476DC8500BFEC13 = {
						CreatedOnToolsVersion = 11.5;
					};
				};
			};
			buildConfigurationList = 49EA7BD82476DC8500BFEC13 /* Build configuration list for PBXProject "Thunder" */;
			compatibilityVersion = "Xcode 9.3";
			developmentRegion = en;
			hasScannedForEncodings = 0;
			knownRegions = (
				en,
				Base,
			);
			mainGroup = 49EA7BD42476DC8500BFEC13;
			productRefGroup = 49EA7BDE2476DC8500BFEC13 /* Products */;
			projectDirPath = "";
			projectRoot = "";
			targets = (
				49EA7BDC2476DC8500BFEC13 /* Thunder */,
				49867EEA25B707D10015D56C /* ThunderTests */,
				49867F0125B708050015D56C /* ThunderUITests */,
			);
		};
/* End PBXProject section */

/* Begin PBXResourcesBuildPhase section */
		49867EE925B707D10015D56C /* Resources */ = {
			isa = PBXResourcesBuildPhase;
			buildActionMask = 2147483647;
			files = (
			);
			runOnlyForDeploymentPostprocessing = 0;
		};
		49867F0025B708050015D56C /* Resources */ = {
			isa = PBXResourcesBuildPhase;
			buildActionMask = 2147483647;
			files = (
			);
			runOnlyForDeploymentPostprocessing = 0;
		};
		49EA7BDB2476DC8500BFEC13 /* Resources */ = {
			isa = PBXResourcesBuildPhase;
			buildActionMask = 2147483647;
			files = (
				49EA7BF02476DC8A00BFEC13 /* LaunchScreen.storyboard in Resources */,
				49EA7BED2476DC8A00BFEC13 /* Assets.xcassets in Resources */,
			);
			runOnlyForDeploymentPostprocessing = 0;
		};
/* End PBXResourcesBuildPhase section */

/* Begin PBXShellScriptBuildPhase section */
		826DA2FE52305150BA54BA95 /* [CP] Check Pods Manifest.lock */ = {
			isa = PBXShellScriptBuildPhase;
			buildActionMask = 2147483647;
			files = (
			);
			inputFileListPaths = (
			);
			inputPaths = (
				"${PODS_PODFILE_DIR_PATH}/Podfile.lock",
				"${PODS_ROOT}/Manifest.lock",
			);
			name = "[CP] Check Pods Manifest.lock";
			outputFileListPaths = (
			);
			outputPaths = (
				"$(DERIVED_FILE_DIR)/Pods-Thunder-checkManifestLockResult.txt",
			);
			runOnlyForDeploymentPostprocessing = 0;
			shellPath = /bin/sh;
			shellScript = "diff \"${PODS_PODFILE_DIR_PATH}/Podfile.lock\" \"${PODS_ROOT}/Manifest.lock\" > /dev/null\nif [ $? != 0 ] ; then\n    # print error to STDERR\n    echo \"error: The sandbox is not in sync with the Podfile.lock. Run 'pod install' or update your CocoaPods installation.\" >&2\n    exit 1\nfi\n# This output is used by Xcode 'outputs' to avoid re-running this script phase.\necho \"SUCCESS\" > \"${SCRIPT_OUTPUT_FILE_0}\"\n";
			showEnvVarsInLog = 0;
		};
/* End PBXShellScriptBuildPhase section */

/* Begin PBXSourcesBuildPhase section */
		49867EE725B707D10015D56C /* Sources */ = {
			isa = PBXSourcesBuildPhase;
			buildActionMask = 2147483647;
			files = (
				49867EEE25B707D10015D56C /* ThunderTests.swift in Sources */,
			);
			runOnlyForDeploymentPostprocessing = 0;
		};
		49867EFE25B708050015D56C /* Sources */ = {
			isa = PBXSourcesBuildPhase;
			buildActionMask = 2147483647;
			files = (
				49867F0525B708050015D56C /* ThunderUITests.swift in Sources */,
			);
			runOnlyForDeploymentPostprocessing = 0;
		};
		49EA7BD92476DC8500BFEC13 /* Sources */ = {
			isa = PBXSourcesBuildPhase;
			buildActionMask = 2147483647;
			files = (
				49550DF424BCA588003CFC3B /* PostWithIntId.swift in Sources */,
				495164B724AA21AB0023AF79 /* ThreadsService.swift in Sources */,
				49703FF924B4A2730099B6DA /* CreatePostModalViewController.swift in Sources */,
				499FAEAE24979358001B4A1C /* Thunder.xcdatamodeld in Sources */,
				495ABBB224832A6700233583 /* NetworkService.swift in Sources */,
				49EBD101247819450051A348 /* FavoritesViewController.swift in Sources */,
				49703FFB24B4C4750099B6DA /* Recaptcha.swift in Sources */,
				49210FEC2479D2650020ECBC /* BoardsListTableViewCell.swift in Sources */,
				49550DF224BCA0C2003CFC3B /* StringExtension.swift in Sources */,
				49BEC03224BE616B008D9836 /* PostRepliesViewController.swift in Sources */,
				499FC06A2498D1C400EBE0FB /* FavoriteBoard.swift in Sources */,
				49EA7BE52476DC8500BFEC13 /* ViewController.swift in Sources */,
				494711E7249F9D810028F57D /* NetworkRequests.swift in Sources */,
				4949BB5324908922005AA6FE /* ActionSheetButton.swift in Sources */,
				49EA7BE12476DC8500BFEC13 /* AppDelegate.swift in Sources */,
				499F7C3B248C5A9F0010B97A /* ThreadsModel.swift in Sources */,
				491FB2B424B1337B00F2C1FF /* PostTableViewCell.swift in Sources */,
				495ABBB424832ACA00233583 /* BoardsService.swift in Sources */,
				494F6E5F248B32BE00D878A0 /* Constants.swift in Sources */,
				49A8EC0A2599C114007621C4 /* HistoryViewController.swift in Sources */,
				49233F9925A8E28F0036E169 /* Colors.swift in Sources */,
				4918E38C249BC5A30081DF7C /* UIViewExtension.swift in Sources */,
				49EA7BE32476DC8500BFEC13 /* SceneDelegate.swift in Sources */,
				494711EB249FEB660028F57D /* ThreadsTableViewController.swift in Sources */,
				492758292480848600A60E51 /* BoardsModel.swift in Sources */,
				4952E90C24A3871A00B42E35 /* ThreadCell.swift in Sources */,
				494711E9249FB2480028F57D /* BoardsTableViewController.swift in Sources */,
				49AB299A2478460B00084A6C /* SettingsViewController.swift in Sources */,
				499C14B624AD3F7200CAAE26 /* ThreadTableViewController.swift in Sources */,
			);
			runOnlyForDeploymentPostprocessing = 0;
		};
/* End PBXSourcesBuildPhase section */

/* Begin PBXTargetDependency section */
		49867EF125B707D10015D56C /* PBXTargetDependency */ = {
			isa = PBXTargetDependency;
			target = 49EA7BDC2476DC8500BFEC13 /* Thunder */;
			targetProxy = 49867EF025B707D10015D56C /* PBXContainerItemProxy */;
		};
		49867F0825B708050015D56C /* PBXTargetDependency */ = {
			isa = PBXTargetDependency;
			target = 49EA7BDC2476DC8500BFEC13 /* Thunder */;
			targetProxy = 49867F0725B708050015D56C /* PBXContainerItemProxy */;
		};
/* End PBXTargetDependency section */

/* Begin PBXVariantGroup section */
		49EA7BEE2476DC8A00BFEC13 /* LaunchScreen.storyboard */ = {
			isa = PBXVariantGroup;
			children = (
				49EA7BEF2476DC8A00BFEC13 /* Base */,
			);
			name = LaunchScreen.storyboard;
			sourceTree = "<group>";
		};
/* End PBXVariantGroup section */

/* Begin XCBuildConfiguration section */
		49867EF325B707D10015D56C /* Debug */ = {
			isa = XCBuildConfiguration;
			buildSettings = {
				BUNDLE_LOADER = "$(TEST_HOST)";
				CLANG_WARN_QUOTED_INCLUDE_IN_FRAMEWORK_HEADER = YES;
				CODE_SIGN_STYLE = Automatic;
				DEVELOPMENT_TEAM = MF5RYH2YK2;
				INFOPLIST_FILE = ThunderTests/Info.plist;
				IPHONEOS_DEPLOYMENT_TARGET = 14.3;
				LD_RUNPATH_SEARCH_PATHS = (
					"$(inherited)",
					"@executable_path/Frameworks",
					"@loader_path/Frameworks",
				);
				PRODUCT_BUNDLE_IDENTIFIER = com.andrii.yehortsev.thunder.ThunderTests;
				PRODUCT_NAME = "$(TARGET_NAME)";
				SWIFT_VERSION = 5.0;
				TARGETED_DEVICE_FAMILY = "1,2";
				TEST_HOST = "$(BUILT_PRODUCTS_DIR)/Thunder.app/Thunder";
			};
			name = Debug;
		};
		49867EF425B707D10015D56C /* Release */ = {
			isa = XCBuildConfiguration;
			buildSettings = {
				BUNDLE_LOADER = "$(TEST_HOST)";
				CLANG_WARN_QUOTED_INCLUDE_IN_FRAMEWORK_HEADER = YES;
				CODE_SIGN_STYLE = Automatic;
				DEVELOPMENT_TEAM = MF5RYH2YK2;
				INFOPLIST_FILE = ThunderTests/Info.plist;
				IPHONEOS_DEPLOYMENT_TARGET = 14.3;
				LD_RUNPATH_SEARCH_PATHS = (
					"$(inherited)",
					"@executable_path/Frameworks",
					"@loader_path/Frameworks",
				);
				PRODUCT_BUNDLE_IDENTIFIER = com.andrii.yehortsev.thunder.ThunderTests;
				PRODUCT_NAME = "$(TARGET_NAME)";
				SWIFT_VERSION = 5.0;
				TARGETED_DEVICE_FAMILY = "1,2";
				TEST_HOST = "$(BUILT_PRODUCTS_DIR)/Thunder.app/Thunder";
			};
			name = Release;
		};
		49867F0A25B708050015D56C /* Debug */ = {
			isa = XCBuildConfiguration;
			buildSettings = {
				CLANG_WARN_QUOTED_INCLUDE_IN_FRAMEWORK_HEADER = YES;
				CODE_SIGN_STYLE = Automatic;
				DEVELOPMENT_TEAM = MF5RYH2YK2;
				INFOPLIST_FILE = ThunderUITests/Info.plist;
				IPHONEOS_DEPLOYMENT_TARGET = 14.3;
				LD_RUNPATH_SEARCH_PATHS = (
					"$(inherited)",
					"@executable_path/Frameworks",
					"@loader_path/Frameworks",
				);
				PRODUCT_BUNDLE_IDENTIFIER = com.andrii.yehortsev.thunder.ThunderUITests;
				PRODUCT_NAME = "$(TARGET_NAME)";
				SWIFT_VERSION = 5.0;
				TARGETED_DEVICE_FAMILY = "1,2";
				TEST_TARGET_NAME = Thunder;
			};
			name = Debug;
		};
		49867F0B25B708050015D56C /* Release */ = {
			isa = XCBuildConfiguration;
			buildSettings = {
				CLANG_WARN_QUOTED_INCLUDE_IN_FRAMEWORK_HEADER = YES;
				CODE_SIGN_STYLE = Automatic;
				DEVELOPMENT_TEAM = MF5RYH2YK2;
				INFOPLIST_FILE = ThunderUITests/Info.plist;
				IPHONEOS_DEPLOYMENT_TARGET = 14.3;
				LD_RUNPATH_SEARCH_PATHS = (
					"$(inherited)",
					"@executable_path/Frameworks",
					"@loader_path/Frameworks",
				);
				PRODUCT_BUNDLE_IDENTIFIER = com.andrii.yehortsev.thunder.ThunderUITests;
				PRODUCT_NAME = "$(TARGET_NAME)";
				SWIFT_VERSION = 5.0;
				TARGETED_DEVICE_FAMILY = "1,2";
				TEST_TARGET_NAME = Thunder;
			};
			name = Release;
		};
		49EA7C082476DC8B00BFEC13 /* Debug */ = {
			isa = XCBuildConfiguration;
			buildSettings = {
				ALWAYS_SEARCH_USER_PATHS = NO;
				CLANG_ANALYZER_NONNULL = YES;
				CLANG_ANALYZER_NUMBER_OBJECT_CONVERSION = YES_AGGRESSIVE;
				CLANG_CXX_LANGUAGE_STANDARD = "gnu++14";
				CLANG_CXX_LIBRARY = "libc++";
				CLANG_ENABLE_MODULES = YES;
				CLANG_ENABLE_OBJC_ARC = YES;
				CLANG_ENABLE_OBJC_WEAK = YES;
				CLANG_WARN_BLOCK_CAPTURE_AUTORELEASING = YES;
				CLANG_WARN_BOOL_CONVERSION = YES;
				CLANG_WARN_COMMA = YES;
				CLANG_WARN_CONSTANT_CONVERSION = YES;
				CLANG_WARN_DEPRECATED_OBJC_IMPLEMENTATIONS = YES;
				CLANG_WARN_DIRECT_OBJC_ISA_USAGE = YES_ERROR;
				CLANG_WARN_DOCUMENTATION_COMMENTS = YES;
				CLANG_WARN_EMPTY_BODY = YES;
				CLANG_WARN_ENUM_CONVERSION = YES;
				CLANG_WARN_INFINITE_RECURSION = YES;
				CLANG_WARN_INT_CONVERSION = YES;
				CLANG_WARN_NON_LITERAL_NULL_CONVERSION = YES;
				CLANG_WARN_OBJC_IMPLICIT_RETAIN_SELF = YES;
				CLANG_WARN_OBJC_LITERAL_CONVERSION = YES;
				CLANG_WARN_OBJC_ROOT_CLASS = YES_ERROR;
				CLANG_WARN_RANGE_LOOP_ANALYSIS = YES;
				CLANG_WARN_STRICT_PROTOTYPES = YES;
				CLANG_WARN_SUSPICIOUS_MOVE = YES;
				CLANG_WARN_UNGUARDED_AVAILABILITY = YES_AGGRESSIVE;
				CLANG_WARN_UNREACHABLE_CODE = YES;
				CLANG_WARN__DUPLICATE_METHOD_MATCH = YES;
				COPY_PHASE_STRIP = NO;
				DEBUG_INFORMATION_FORMAT = dwarf;
				ENABLE_STRICT_OBJC_MSGSEND = YES;
				ENABLE_TESTABILITY = YES;
				GCC_C_LANGUAGE_STANDARD = gnu11;
				GCC_DYNAMIC_NO_PIC = NO;
				GCC_NO_COMMON_BLOCKS = YES;
				GCC_OPTIMIZATION_LEVEL = 0;
				GCC_PREPROCESSOR_DEFINITIONS = (
					"DEBUG=1",
					"$(inherited)",
				);
				GCC_WARN_64_TO_32_BIT_CONVERSION = YES;
				GCC_WARN_ABOUT_RETURN_TYPE = YES_ERROR;
				GCC_WARN_UNDECLARED_SELECTOR = YES;
				GCC_WARN_UNINITIALIZED_AUTOS = YES_AGGRESSIVE;
				GCC_WARN_UNUSED_FUNCTION = YES;
				GCC_WARN_UNUSED_VARIABLE = YES;
				IPHONEOS_DEPLOYMENT_TARGET = 13.0;
				MTL_ENABLE_DEBUG_INFO = INCLUDE_SOURCE;
				MTL_FAST_MATH = YES;
				ONLY_ACTIVE_ARCH = YES;
				SDKROOT = iphoneos;
				SWIFT_ACTIVE_COMPILATION_CONDITIONS = DEBUG;
				SWIFT_OPTIMIZATION_LEVEL = "-Onone";
			};
			name = Debug;
		};
		49EA7C092476DC8B00BFEC13 /* Release */ = {
			isa = XCBuildConfiguration;
			buildSettings = {
				ALWAYS_SEARCH_USER_PATHS = NO;
				CLANG_ANALYZER_NONNULL = YES;
				CLANG_ANALYZER_NUMBER_OBJECT_CONVERSION = YES_AGGRESSIVE;
				CLANG_CXX_LANGUAGE_STANDARD = "gnu++14";
				CLANG_CXX_LIBRARY = "libc++";
				CLANG_ENABLE_MODULES = YES;
				CLANG_ENABLE_OBJC_ARC = YES;
				CLANG_ENABLE_OBJC_WEAK = YES;
				CLANG_WARN_BLOCK_CAPTURE_AUTORELEASING = YES;
				CLANG_WARN_BOOL_CONVERSION = YES;
				CLANG_WARN_COMMA = YES;
				CLANG_WARN_CONSTANT_CONVERSION = YES;
				CLANG_WARN_DEPRECATED_OBJC_IMPLEMENTATIONS = YES;
				CLANG_WARN_DIRECT_OBJC_ISA_USAGE = YES_ERROR;
				CLANG_WARN_DOCUMENTATION_COMMENTS = YES;
				CLANG_WARN_EMPTY_BODY = YES;
				CLANG_WARN_ENUM_CONVERSION = YES;
				CLANG_WARN_INFINITE_RECURSION = YES;
				CLANG_WARN_INT_CONVERSION = YES;
				CLANG_WARN_NON_LITERAL_NULL_CONVERSION = YES;
				CLANG_WARN_OBJC_IMPLICIT_RETAIN_SELF = YES;
				CLANG_WARN_OBJC_LITERAL_CONVERSION = YES;
				CLANG_WARN_OBJC_ROOT_CLASS = YES_ERROR;
				CLANG_WARN_RANGE_LOOP_ANALYSIS = YES;
				CLANG_WARN_STRICT_PROTOTYPES = YES;
				CLANG_WARN_SUSPICIOUS_MOVE = YES;
				CLANG_WARN_UNGUARDED_AVAILABILITY = YES_AGGRESSIVE;
				CLANG_WARN_UNREACHABLE_CODE = YES;
				CLANG_WARN__DUPLICATE_METHOD_MATCH = YES;
				COPY_PHASE_STRIP = NO;
				DEBUG_INFORMATION_FORMAT = "dwarf-with-dsym";
				ENABLE_NS_ASSERTIONS = NO;
				ENABLE_STRICT_OBJC_MSGSEND = YES;
				GCC_C_LANGUAGE_STANDARD = gnu11;
				GCC_NO_COMMON_BLOCKS = YES;
				GCC_WARN_64_TO_32_BIT_CONVERSION = YES;
				GCC_WARN_ABOUT_RETURN_TYPE = YES_ERROR;
				GCC_WARN_UNDECLARED_SELECTOR = YES;
				GCC_WARN_UNINITIALIZED_AUTOS = YES_AGGRESSIVE;
				GCC_WARN_UNUSED_FUNCTION = YES;
				GCC_WARN_UNUSED_VARIABLE = YES;
				IPHONEOS_DEPLOYMENT_TARGET = 13.0;
				MTL_ENABLE_DEBUG_INFO = NO;
				MTL_FAST_MATH = YES;
				SDKROOT = iphoneos;
				SWIFT_COMPILATION_MODE = wholemodule;
				SWIFT_OPTIMIZATION_LEVEL = "-O";
				VALIDATE_PRODUCT = YES;
			};
			name = Release;
		};
		49EA7C0B2476DC8B00BFEC13 /* Debug */ = {
			isa = XCBuildConfiguration;
			baseConfigurationReference = 0717E33AF93DFE08D8EEA8D2 /* Pods-Thunder.debug.xcconfig */;
			buildSettings = {
				ASSETCATALOG_COMPILER_APPICON_NAME = "AppIcon-3";
				CODE_SIGN_IDENTITY = "Apple Development";
				CODE_SIGN_STYLE = Automatic;
				DEVELOPMENT_TEAM = MF5RYH2YK2;
				INFOPLIST_FILE = "$(SRCROOT)/Thunder/Info.plist";
				IPHONEOS_DEPLOYMENT_TARGET = 13.0;
				LD_RUNPATH_SEARCH_PATHS = (
					"$(inherited)",
					"@executable_path/Frameworks",
				);
				PRODUCT_BUNDLE_IDENTIFIER = com.andrii.yehortsev..thunder;
				PRODUCT_NAME = Thunder;
				PROVISIONING_PROFILE_SPECIFIER = "";
				SWIFT_VERSION = 5.0;
				TARGETED_DEVICE_FAMILY = "1,2";
			};
			name = Debug;
		};
		49EA7C0C2476DC8B00BFEC13 /* Release */ = {
			isa = XCBuildConfiguration;
			baseConfigurationReference = E1BACCEE5C3EA22A0BED9097 /* Pods-Thunder.release.xcconfig */;
			buildSettings = {
				ASSETCATALOG_COMPILER_APPICON_NAME = "AppIcon-3";
				CODE_SIGN_IDENTITY = "Apple Development";
				CODE_SIGN_STYLE = Automatic;
				DEVELOPMENT_TEAM = MF5RYH2YK2;
				INFOPLIST_FILE = "$(SRCROOT)/Thunder/Info.plist";
				IPHONEOS_DEPLOYMENT_TARGET = 13.0;
				LD_RUNPATH_SEARCH_PATHS = (
					"$(inherited)",
					"@executable_path/Frameworks",
				);
				PRODUCT_BUNDLE_IDENTIFIER = com.andrii.yehortsev..thunder;
				PRODUCT_NAME = Thunder;
				PROVISIONING_PROFILE_SPECIFIER = "";
				SWIFT_VERSION = 5.0;
				TARGETED_DEVICE_FAMILY = "1,2";
			};
			name = Release;
		};
/* End XCBuildConfiguration section */

/* Begin XCConfigurationList section */
		49867EF225B707D10015D56C /* Build configuration list for PBXNativeTarget "ThunderTests" */ = {
			isa = XCConfigurationList;
			buildConfigurations = (
				49867EF325B707D10015D56C /* Debug */,
				49867EF425B707D10015D56C /* Release */,
			);
			defaultConfigurationIsVisible = 0;
			defaultConfigurationName = Release;
		};
		49867F0925B708050015D56C /* Build configuration list for PBXNativeTarget "ThunderUITests" */ = {
			isa = XCConfigurationList;
			buildConfigurations = (
				49867F0A25B708050015D56C /* Debug */,
				49867F0B25B708050015D56C /* Release */,
			);
			defaultConfigurationIsVisible = 0;
			defaultConfigurationName = Release;
		};
		49EA7BD82476DC8500BFEC13 /* Build configuration list for PBXProject "Thunder" */ = {
			isa = XCConfigurationList;
			buildConfigurations = (
				49EA7C082476DC8B00BFEC13 /* Debug */,
				49EA7C092476DC8B00BFEC13 /* Release */,
			);
			defaultConfigurationIsVisible = 0;
			defaultConfigurationName = Release;
		};
		49EA7C0A2476DC8B00BFEC13 /* Build configuration list for PBXNativeTarget "Thunder" */ = {
			isa = XCConfigurationList;
			buildConfigurations = (
				49EA7C0B2476DC8B00BFEC13 /* Debug */,
				49EA7C0C2476DC8B00BFEC13 /* Release */,
			);
			defaultConfigurationIsVisible = 0;
			defaultConfigurationName = Release;
		};
/* End XCConfigurationList section */

/* Begin XCVersionGroup section */
		499FAEAC24979358001B4A1C /* Thunder.xcdatamodeld */ = {
			isa = XCVersionGroup;
			children = (
				499FAEAD24979358001B4A1C /* Thunder.xcdatamodel */,
			);
			currentVersion = 499FAEAD24979358001B4A1C /* Thunder.xcdatamodel */;
			path = Thunder.xcdatamodeld;
			sourceTree = "<group>";
			versionGroupType = wrapper.xcdatamodel;
		};
/* End XCVersionGroup section */
	};
	rootObject = 49EA7BD52476DC8500BFEC13 /* Project object */;
}
